
Microsoft Visual Studio Solution File, Format Version 12.00
# Visual Studio 14
VisualStudioVersion = 14.0.25123.0
MinimumVisualStudioVersion = 10.0.40219.1
Project("{FAE04EC0-301F-11D3-BF4B-00C04F79EFBC}") = "DuDuRiBao", "DuDuRiBao\DuDuRiBao.csproj", "{1B525687-924C-4F4F-B448-FD0D165C4F75}"
EndProject
Project("{FAE04EC0-301F-11D3-BF4B-00C04F79EFBC}") = "BackgroundComponent", "BackgroundComponent\BackgroundComponent.csproj", "{403283E3-9D1B-4D12-84B2-1D9CE3214FCF}"
EndProject
Project("{FAE04EC0-301F-11D3-BF4B-00C04F79EFBC}") = "Common", "Common\Common.csproj", "{76DD053D-247E-414D-8A9A-3D6D4721E2D6}"
EndProject
Project("{FAE04EC0-301F-11D3-BF4B-00C04F79EFBC}") = "Utils", "Utils\Utils.csproj", "{3A6625C2-475C-464E-A0AD-9BA81EA9A128}"
EndProject
Project("{FAE04EC0-301F-11D3-BF4B-00C04F79EFBC}") = "Model", "Model\Model.csproj", "{F1501A2C-ED40-4EEC-8746-E9EAE7606E91}"
EndProject
Global
	GlobalSection(SolutionConfigurationPlatforms) = preSolution
		Debug|Any CPU = Debug|Any CPU
		Debug|ARM = Debug|ARM
		Debug|x64 = Debug|x64
		Debug|x86 = Debug|x86
		Release|Any CPU = Release|Any CPU
		Release|ARM = Release|ARM
		Release|x64 = Release|x64
		Release|x86 = Release|x86
	EndGlobalSection
	GlobalSection(ProjectConfigurationPlatforms) = postSolution
		{1B525687-924C-4F4F-B448-FD0D165C4F75}.Debug|Any CPU.ActiveCfg = Debug|x86
		{1B525687-924C-4F4F-B448-FD0D165C4F75}.Debug|ARM.ActiveCfg = Debug|ARM
		{1B525687-924C-4F4F-B448-FD0D165C4F75}.Debug|ARM.Build.0 = Debug|ARM
		{1B525687-924C-4F4F-B448-FD0D165C4F75}.Debug|ARM.Deploy.0 = Debug|ARM
		{1B525687-924C-4F4F-B448-FD0D165C4F75}.Debug|x64.ActiveCfg = Debug|x64
		{1B525687-924C-4F4F-B448-FD0D165C4F75}.Debug|x64.Build.0 = Debug|x64
		{1B525687-924C-4F4F-B448-FD0D165C4F75}.Debug|x64.Deploy.0 = Debug|x64
		{1B525687-924C-4F4F-B448-FD0D165C4F75}.Debug|x86.ActiveCfg = Debug|x86
		{1B525687-924C-4F4F-B448-FD0D165C4F75}.Debug|x86.Build.0 = Debug|x86
		{1B525687-924C-4F4F-B448-FD0D165C4F75}.Debug|x86.Deploy.0 = Debug|x86
		{1B525687-924C-4F4F-B448-FD0D165C4F75}.Release|Any CPU.ActiveCfg = Release|x86
		{1B525687-924C-4F4F-B448-FD0D165C4F75}.Release|ARM.ActiveCfg = Release|ARM
		{1B525687-924C-4F4F-B448-FD0D165C4F75}.Release|ARM.Build.0 = Release|ARM
		{1B525687-924C-4F4F-B448-FD0D165C4F75}.Release|ARM.Deploy.0 = Release|ARM
		{1B525687-924C-4F4F-B448-FD0D165C4F75}.Release|x64.ActiveCfg = Release|x64
		{1B525687-924C-4F4F-B448-FD0D165C4F75}.Release|x64.Build.0 = Release|x64
		{1B525687-924C-4F4F-B448-FD0D165C4F75}.Release|x64.Deploy.0 = Release|x64
		{1B525687-924C-4F4F-B448-FD0D165C4F75}.Release|x86.ActiveCfg = Release|x86
		{1B525687-924C-4F4F-B448-FD0D165C4F75}.Release|x86.Build.0 = Release|x86
		{1B525687-924C-4F4F-B448-FD0D165C4F75}.Release|x86.Deploy.0 = Release|x86
		{403283E3-9D1B-4D12-84B2-1D9CE3214FCF}.Debug|Any CPU.ActiveCfg = Debug|Any CPU
		{403283E3-9D1B-4D12-84B2-1D9CE3214FCF}.Debug|Any CPU.Build.0 = Debug|Any CPU
		{403283E3-9D1B-4D12-84B2-1D9CE3214FCF}.Debug|ARM.ActiveCfg = Debug|ARM
		{403283E3-9D1B-4D12-84B2-1D9CE3214FCF}.Debug|ARM.Build.0 = Debug|ARM
		{403283E3-9D1B-4D12-84B2-1D9CE3214FCF}.Debug|x64.ActiveCfg = Debug|x64
		{403283E3-9D1B-4D12-84B2-1D9CE3214FCF}.Debug|x64.Build.0 = Debug|x64
		{403283E3-9D1B-4D12-84B2-1D9CE3214FCF}.Debug|x86.ActiveCfg = Debug|x86
		{403283E3-9D1B-4D12-84B2-1D9CE3214FCF}.Debug|x86.Build.0 = Debug|x86
		{403283E3-9D1B-4D12-84B2-1D9CE3214FCF}.Release|Any CPU.ActiveCfg = Release|Any CPU
		{403283E3-9D1B-4D12-84B2-1D9CE3214FCF}.Release|Any CPU.Build.0 = Release|Any CPU
		{403283E3-9D1B-4D12-84B2-1D9CE3214FCF}.Release|ARM.ActiveCfg = Release|ARM
		{403283E3-9D1B-4D12-84B2-1D9CE3214FCF}.Release|ARM.Build.0 = Release|ARM
		{403283E3-9D1B-4D12-84B2-1D9CE3214FCF}.Release|x64.ActiveCfg = Release|x64
		{403283E3-9D1B-4D12-84B2-1D9CE3214FCF}.Release|x64.Build.0 = Release|x64
		{403283E3-9D1B-4D12-84B2-1D9CE3214FCF}.Release|x86.ActiveCfg = Release|x86
		{403283E3-9D1B-4D12-84B2-1D9CE3214FCF}.Release|x86.Build.0 = Release|x86
		{76DD053D-247E-414D-8A9A-3D6D4721E2D6}.Debug|Any CPU.ActiveCfg = Debug|Any CPU
		{76DD053D-247E-414D-8A9A-3D6D4721E2D6}.Debug|Any CPU.Build.0 = Debug|Any CPU
		{76DD053D-247E-414D-8A9A-3D6D4721E2D6}.Debug|ARM.ActiveCfg = Debug|ARM
		{76DD053D-247E-414D-8A9A-3D6D4721E2D6}.Debug|ARM.Build.0 = Debug|ARM
		{76DD053D-247E-414D-8A9A-3D6D4721E2D6}.Debug|x64.ActiveCfg = Debug|x64
		{76DD053D-247E-414D-8A9A-3D6D4721E2D6}.Debug|x64.Build.0 = Debug|x64
		{76DD053D-247E-414D-8A9A-3D6D4721E2D6}.Debug|x86.ActiveCfg = Debug|x86
		{76DD053D-247E-414D-8A9A-3D6D4721E2D6}.Debug|x86.Build.0 = Debug|x86
		{76DD053D-247E-414D-8A9A-3D6D4721E2D6}.Release|Any CPU.ActiveCfg = Release|Any CPU
		{76DD053D-247E-414D-8A9A-3D6D4721E2D6}.Release|Any CPU.Build.0 = Release|Any CPU
		{76DD053D-247E-414D-8A9A-3D6D4721E2D6}.Release|ARM.ActiveCfg = Release|ARM
		{76DD053D-247E-414D-8A9A-3D6D4721E2D6}.Release|ARM.Build.0 = Release|ARM
		{76DD053D-247E-414D-8A9A-3D6D4721E2D6}.Release|x64.ActiveCfg = Release|x64
		{76DD053D-247E-414D-8A9A-3D6D4721E2D6}.Release|x64.Build.0 = Release|x64
		{76DD053D-247E-414D-8A9A-3D6D4721E2D6}.Release|x86.ActiveCfg = Release|x86
		{76DD053D-247E-414D-8A9A-3D6D4721E2D6}.Release|x86.Build.0 = Release|x86
		{3A6625C2-475C-464E-A0AD-9BA81EA9A128}.Debug|Any CPU.ActiveCfg = Debug|Any CPU
		{3A6625C2-475C-464E-A0AD-9BA81EA9A128}.Debug|Any CPU.Build.0 = Debug|Any CPU
		{3A6625C2-475C-464E-A0AD-9BA81EA9A128}.Debug|ARM.ActiveCfg = Debug|ARM
		{3A6625C2-475C-464E-A0AD-9BA81EA9A128}.Debug|ARM.Build.0 = Debug|ARM
		{3A6625C2-475C-464E-A0AD-9BA81EA9A128}.Debug|x64.ActiveCfg = Debug|x64
		{3A6625C2-475C-464E-A0AD-9BA81EA9A128}.Debug|x64.Build.0 = Debug|x64
		{3A6625C2-475C-464E-A0AD-9BA81EA9A128}.Debug|x86.ActiveCfg = Debug|x86
		{3A6625C2-475C-464E-A0AD-9BA81EA9A128}.Debug|x86.Build.0 = Debug|x86
		{3A6625C2-475C-464E-A0AD-9BA81EA9A128}.Release|Any CPU.ActiveCfg = Release|Any CPU
		{3A6625C2-475C-464E-A0AD-9BA81EA9A128}.Release|Any CPU.Build.0 = Release|Any CPU
		{3A6625C2-475C-464E-A0AD-9BA81EA9A128}.Release|ARM.ActiveCfg = Release|ARM
		{3A6625C2-475C-464E-A0AD-9BA81EA9A128}.Release|ARM.Build.0 = Release|ARM
		{3A6625C2-475C-464E-A0AD-9BA81EA9A128}.Release|x64.ActiveCfg = Release|x64
		{3A6625C2-475C-464E-A0AD-9BA81EA9A128}.Release|x64.Build.0 = Release|x64
		{3A6625C2-475C-464E-A0AD-9BA81EA9A128}.Release|x86.ActiveCfg = Release|x86
		{3A6625C2-475C-464E-A0AD-9BA81EA9A128}.Release|x86.Build.0 = Release|x86
		{F1501A2C-ED40-4EEC-8746-E9EAE7606E91}.Debug|Any CPU.ActiveCfg = Debug|Any CPU
		{F1501A2C-ED40-4EEC-8746-E9EAE7606E91}.Debug|Any CPU.Build.0 = Debug|Any CPU
		{F1501A2C-ED40-4EEC-8746-E9EAE7606E91}.Debug|ARM.ActiveCfg = Debug|ARM
		{F1501A2C-ED40-4EEC-8746-E9EAE7606E91}.Debug|ARM.Build.0 = Debug|ARM
		{F1501A2C-ED40-4EEC-8746-E9EAE7606E91}.Debug|x64.ActiveCfg = Debug|x64
		{F1501A2C-ED40-4EEC-8746-E9EAE7606E91}.Debug|x64.Build.0 = Debug|x64
		{F1501A2C-ED40-4EEC-8746-E9EAE7606E91}.Debug|x86.ActiveCfg = Debug|x86
		{F1501A2C-ED40-4EEC-8746-E9EAE7606E91}.Debug|x86.Build.0 = Debug|x86
		{F1501A2C-ED40-4EEC-8746-E9EAE7606E91}.Release|Any CPU.ActiveCfg = Release|Any CPU
		{F1501A2C-ED40-4EEC-8746-E9EAE7606E91}.Release|Any CPU.Build.0 = Release|Any CPU
		{F1501A2C-ED40-4EEC-8746-E9EAE7606E91}.Release|ARM.ActiveCfg = Release|ARM
		{F1501A2C-ED40-4EEC-8746-E9EAE7606E91}.Release|ARM.Build.0 = Release|ARM
		{F1501A2C-ED40-4EEC-8746-E9EAE7606E91}.Release|x64.ActiveCfg = Release|x64
		{F1501A2C-ED40-4EEC-8746-E9EAE7606E91}.Release|x64.Build.0 = Release|x64
		{F1501A2C-ED40-4EEC-8746-E9EAE7606E91}.Release|x86.ActiveCfg = Release|x86
		{F1501A2C-ED40-4EEC-8746-E9EAE7606E91}.Release|x86.Build.0 = Release|x86
	EndGlobalSection
	GlobalSection(SolutionProperties) = preSolution
		HideSolutionNode = FALSE
	EndGlobalSection
EndGlobal
